
Microsoft Visual Studio Solution File, Format Version 12.00
# Visual Studio Version 16
VisualStudioVersion = 16.0.31624.102
MinimumVisualStudioVersion = 10.0.40219.1
Project("{8BC9CEB8-8B4A-11D0-8D11-00A0C91BC942}") = "OOП 2.5", "OOП 2.5\OOП 2.5.vcxproj", "{A9C09707-00FC-46A5-8E59-29EDBAA79385}"
EndProject
Project("{8BC9CEB8-8B4A-11D0-8D11-00A0C91BC942}") = "UnitTest1", "UnitTest1\UnitTest1.vcxproj", "{B8885BDB-E4E2-4471-8EAC-795F9BBC3496}"
EndProject
Global
	GlobalSection(SolutionConfigurationPlatforms) = preSolution
		Debug|x64 = Debug|x64
		Debug|x86 = Debug|x86
		Release|x64 = Release|x64
		Release|x86 = Release|x86
	EndGlobalSection
	GlobalSection(ProjectConfigurationPlatforms) = postSolution
		{A9C09707-00FC-46A5-8E59-29EDBAA79385}.Debug|x64.ActiveCfg = Debug|x64
		{A9C09707-00FC-46A5-8E59-29EDBAA79385}.Debug|x64.Build.0 = Debug|x64
		{A9C09707-00FC-46A5-8E59-29EDBAA79385}.Debug|x86.ActiveCfg = Debug|Win32
		{A9C09707-00FC-46A5-8E59-29EDBAA79385}.Debug|x86.Build.0 = Debug|Win32
		{A9C09707-00FC-46A5-8E59-29EDBAA79385}.Release|x64.ActiveCfg = Release|x64
		{A9C09707-00FC-46A5-8E59-29EDBAA79385}.Release|x64.Build.0 = Release|x64
		{A9C09707-00FC-46A5-8E59-29EDBAA79385}.Release|x86.ActiveCfg = Release|Win32
		{A9C09707-00FC-46A5-8E59-29EDBAA79385}.Release|x86.Build.0 = Release|Win32
		{B8885BDB-E4E2-4471-8EAC-795F9BBC3496}.Debug|x64.ActiveCfg = Debug|x64
		{B8885BDB-E4E2-4471-8EAC-795F9BBC3496}.Debug|x64.Build.0 = Debug|x64
		{B8885BDB-E4E2-4471-8EAC-795F9BBC3496}.Debug|x86.ActiveCfg = Debug|Win32
		{B8885BDB-E4E2-4471-8EAC-795F9BBC3496}.Debug|x86.Build.0 = Debug|Win32
		{B8885BDB-E4E2-4471-8EAC-795F9BBC3496}.Release|x64.ActiveCfg = Release|x64
		{B8885BDB-E4E2-4471-8EAC-795F9BBC3496}.Release|x64.Build.0 = Release|x64
		{B8885BDB-E4E2-4471-8EAC-795F9BBC3496}.Release|x86.ActiveCfg = Release|Win32
		{B8885BDB-E4E2-4471-8EAC-795F9BBC3496}.Release|x86.Build.0 = Release|Win32
	EndGlobalSection
	GlobalSection(SolutionProperties) = preSolution
		HideSolutionNode = FALSE
	EndGlobalSection
	GlobalSection(ExtensibilityGlobals) = postSolution
		SolutionGuid = {9932E7D1-E935-4043-BAED-5D558B42E711}
	EndGlobalSection
EndGlobal
